
Microsoft Visual Studio Solution File, Format Version 12.00
# Visual Studio Version 17
VisualStudioVersion = 17.0.31919.166
MinimumVisualStudioVersion = 10.0.40219.1
Project("{FAE04EC0-301F-11D3-BF4B-00C04F79EFBC}") = "MotoApp", "MotoApp\MotoApp.csproj", "{270975C3-1815-47C6-A51C-E9DAF64C929F}"
EndProject
Global
	GlobalSection(SolutionConfigurationPlatforms) = preSolution
		Debug|Any CPU = Debug|Any CPU
		Release|Any CPU = Release|Any CPU
	EndGlobalSection
	GlobalSection(ProjectConfigurationPlatforms) = postSolution
		{270975C3-1815-47C6-A51C-E9DAF64C929F}.Debug|Any CPU.ActiveCfg = Debug|Any CPU
		{270975C3-1815-47C6-A51C-E9DAF64C929F}.Debug|Any CPU.Build.0 = Debug|Any CPU
		{270975C3-1815-47C6-A51C-E9DAF64C929F}.Release|Any CPU.ActiveCfg = Release|Any CPU
		{270975C3-1815-47C6-A51C-E9DAF64C929F}.Release|Any CPU.Build.0 = Release|Any CPU
	EndGlobalSection
	GlobalSection(SolutionProperties) = preSolution
		HideSolutionNode = FALSE
	EndGlobalSection
	GlobalSection(ExtensibilityGlobals) = postSolution
		SolutionGuid = {17C53674-9792-4CC0-A6FC-F47CA5D019BC}
	EndGlobalSection
EndGlobal
